// !$*UTF8*$!
{
	archiveVersion = 1;
	classes = {
	};
	objectVersion = 42;
	objects = {

/* Begin PBXBuildFile section */
		6616EA5311BAA11300D6C214 /* Frame+Drawing.m in Sources */ = {isa = PBXBuildFile; fileRef = 6616EA5211BAA11300D6C214 /* Frame+Drawing.m */; };
		6616EA9411BB437000D6C214 /* DMDPaletteController.m in Sources */ = {isa = PBXBuildFile; fileRef = 6616EA9311BB437000D6C214 /* DMDPaletteController.m */; };
		6616EA9C11BB459200D6C214 /* PalettePanel.xib in Resources */ = {isa = PBXBuildFile; fileRef = 6616EA9B11BB459200D6C214 /* PalettePanel.xib */; };
		6616EAA011BB481200D6C214 /* DMDPaletteView.m in Sources */ = {isa = PBXBuildFile; fileRef = 6616EA9F11BB481200D6C214 /* DMDPaletteView.m */; };
		66208CA70BFEC4560014A154 /* DMDView.m in Sources */ = {isa = PBXBuildFile; fileRef = 66208CA60BFEC4560014A154 /* DMDView.m */; };
		66208D770C020EB10014A154 /* Frame.m in Sources */ = {isa = PBXBuildFile; fileRef = 66208D760C020EB10014A154 /* Frame.m */; };
		663EFB67118548D400D00CB9 /* TransportControls.xib in Resources */ = {isa = PBXBuildFile; fileRef = 663EFB66118548D400D00CB9 /* TransportControls.xib */; };
		663EFB6D11854C2000D00CB9 /* DMDTransportController.m in Sources */ = {isa = PBXBuildFile; fileRef = 663EFB6C11854C2000D00CB9 /* DMDTransportController.m */; };
		669E949F11547A5B006B05D3 /* DMDEditorWindowController.m in Sources */ = {isa = PBXBuildFile; fileRef = 669E949E11547A5B006B05D3 /* DMDEditorWindowController.m */; };
		669E94A311547A82006B05D3 /* MainMenu.xib in Resources */ = {isa = PBXBuildFile; fileRef = 669E94A111547A82006B05D3 /* MainMenu.xib */; };
		669E94D311547F9A006B05D3 /* NSWindowAdditions.m in Sources */ = {isa = PBXBuildFile; fileRef = 669E94D211547F9A006B05D3 /* NSWindowAdditions.m */; };
		669E956311569838006B05D3 /* DMDFontPreviewWindowController.m in Sources */ = {isa = PBXBuildFile; fileRef = 669E956211569838006B05D3 /* DMDFontPreviewWindowController.m */; };
		669E95651156984C006B05D3 /* FontPreviewWindow.xib in Resources */ = {isa = PBXBuildFile; fileRef = 669E95641156984C006B05D3 /* FontPreviewWindow.xib */; };
		66A82855116049AD00745627 /* Dot.png in Resources */ = {isa = PBXBuildFile; fileRef = 66A82854116049AD00745627 /* Dot.png */; };
		66EA5CCD0FF6C108000CDEC0 /* DMDAnimatorAppDelegate.m in Sources */ = {isa = PBXBuildFile; fileRef = 66EA5CCC0FF6C108000CDEC0 /* DMDAnimatorAppDelegate.m */; };
		66EA5D1D0FF6C61E000CDEC0 /* DMDResizeWindowController.m in Sources */ = {isa = PBXBuildFile; fileRef = 66EA5D1C0FF6C61E000CDEC0 /* DMDResizeWindowController.m */; };
		66EA5D2A0FF6C75A000CDEC0 /* DMDResizeWindow.xib in Resources */ = {isa = PBXBuildFile; fileRef = 66EA5D290FF6C75A000CDEC0 /* DMDResizeWindow.xib */; };
		66EA5E780FF7D9CC000CDEC0 /* EditorWindow.xib in Resources */ = {isa = PBXBuildFile; fileRef = 66EA5E760FF7D9CC000CDEC0 /* EditorWindow.xib */; };
		66EA5F5A0FF80254000CDEC0 /* DMDViewSettings.xib in Resources */ = {isa = PBXBuildFile; fileRef = 66EA5F590FF80254000CDEC0 /* DMDViewSettings.xib */; };
		66EA5F5E0FF80442000CDEC0 /* DMDViewSettingsController.m in Sources */ = {isa = PBXBuildFile; fileRef = 66EA5F5D0FF80442000CDEC0 /* DMDViewSettingsController.m */; };
		66EB0BA20D10496E007F6016 /* DMDAnimator Help in Resources */ = {isa = PBXBuildFile; fileRef = 66EB0B9F0D10496E007F6016 /* DMDAnimator Help */; };
		66EB0BB10D1070FF007F6016 /* DMD.icns in Resources */ = {isa = PBXBuildFile; fileRef = 66EB0BB00D1070FF007F6016 /* DMD.icns */; };
		66FBEADA0FF8635200E6EED2 /* DMDFontmapperController.m in Sources */ = {isa = PBXBuildFile; fileRef = 66FBEAD90FF8635200E6EED2 /* DMDFontmapperController.m */; };
		66FBEB2B0FF86E9600E6EED2 /* FontmapperView.xib in Resources */ = {isa = PBXBuildFile; fileRef = 66FBEB2A0FF86E9600E6EED2 /* FontmapperView.xib */; };
		8D15AC2C0486D014006FF6A4 /* Credits.rtf in Resources */ = {isa = PBXBuildFile; fileRef = 2A37F4B9FDCFA73011CA2CEA /* Credits.rtf */; };
		8D15AC2F0486D014006FF6A4 /* InfoPlist.strings in Resources */ = {isa = PBXBuildFile; fileRef = 089C165FFE840EACC02AAC07 /* InfoPlist.strings */; };
		8D15AC310486D014006FF6A4 /* Animation.m in Sources */ = {isa = PBXBuildFile; fileRef = 2A37F4ACFDCFA73011CA2CEA /* Animation.m */; settings = {ATTRIBUTES = (); }; };
		8D15AC320486D014006FF6A4 /* main.m in Sources */ = {isa = PBXBuildFile; fileRef = 2A37F4B0FDCFA73011CA2CEA /* main.m */; settings = {ATTRIBUTES = (); }; };
		8D15AC340486D014006FF6A4 /* Cocoa.framework in Frameworks */ = {isa = PBXBuildFile; fileRef = 1058C7A7FEA54F5311CA2CBB /* Cocoa.framework */; };
/* End PBXBuildFile section */

/* Begin PBXFileReference section */
		089C1660FE840EACC02AAC07 /* English */ = {isa = PBXFileReference; fileEncoding = 10; lastKnownFileType = text.plist.strings; name = English; path = English.lproj/InfoPlist.strings; sourceTree = "<group>"; };
		1058C7A7FEA54F5311CA2CBB /* Cocoa.framework */ = {isa = PBXFileReference; lastKnownFileType = wrapper.framework; name = Cocoa.framework; path = /System/Library/Frameworks/Cocoa.framework; sourceTree = "<absolute>"; };
		13E42FBA07B3F13500E4EEF1 /* CoreData.framework */ = {isa = PBXFileReference; lastKnownFileType = wrapper.framework; name = CoreData.framework; path = /System/Library/Frameworks/CoreData.framework; sourceTree = "<absolute>"; };
		2A37F4ACFDCFA73011CA2CEA /* Animation.m */ = {isa = PBXFileReference; fileEncoding = 4; lastKnownFileType = sourcecode.c.objc; path = Animation.m; sourceTree = "<group>"; };
		2A37F4AEFDCFA73011CA2CEA /* Animation.h */ = {isa = PBXFileReference; fileEncoding = 4; lastKnownFileType = sourcecode.c.h; path = Animation.h; sourceTree = "<group>"; };
		2A37F4B0FDCFA73011CA2CEA /* main.m */ = {isa = PBXFileReference; fileEncoding = 4; lastKnownFileType = sourcecode.c.objc; path = main.m; sourceTree = "<group>"; };
		2A37F4BAFDCFA73011CA2CEA /* English */ = {isa = PBXFileReference; lastKnownFileType = text.rtf; name = English; path = English.lproj/Credits.rtf; sourceTree = "<group>"; };
		2A37F4C4FDCFA73011CA2CEA /* AppKit.framework */ = {isa = PBXFileReference; lastKnownFileType = wrapper.framework; name = AppKit.framework; path = /System/Library/Frameworks/AppKit.framework; sourceTree = "<absolute>"; };
		2A37F4C5FDCFA73011CA2CEA /* Foundation.framework */ = {isa = PBXFileReference; lastKnownFileType = wrapper.framework; name = Foundation.framework; path = /System/Library/Frameworks/Foundation.framework; sourceTree = "<absolute>"; };
		32DBCF750370BD2300C91783 /* DMDAnimator_Prefix.pch */ = {isa = PBXFileReference; fileEncoding = 4; lastKnownFileType = sourcecode.c.h; path = DMDAnimator_Prefix.pch; sourceTree = "<group>"; };
		6616EA5111BAA11300D6C214 /* Frame+Drawing.h */ = {isa = PBXFileReference; fileEncoding = 4; lastKnownFileType = sourcecode.c.h; path = "Frame+Drawing.h"; sourceTree = "<group>"; };
		6616EA5211BAA11300D6C214 /* Frame+Drawing.m */ = {isa = PBXFileReference; fileEncoding = 4; lastKnownFileType = sourcecode.c.objc; path = "Frame+Drawing.m"; sourceTree = "<group>"; };
		6616EA9211BB437000D6C214 /* DMDPaletteController.h */ = {isa = PBXFileReference; fileEncoding = 4; lastKnownFileType = sourcecode.c.h; path = DMDPaletteController.h; sourceTree = "<group>"; };
		6616EA9311BB437000D6C214 /* DMDPaletteController.m */ = {isa = PBXFileReference; fileEncoding = 4; lastKnownFileType = sourcecode.c.objc; path = DMDPaletteController.m; sourceTree = "<group>"; };
		6616EA9B11BB459200D6C214 /* PalettePanel.xib */ = {isa = PBXFileReference; lastKnownFileType = file.xib; path = PalettePanel.xib; sourceTree = "<group>"; };
		6616EA9E11BB481200D6C214 /* DMDPaletteView.h */ = {isa = PBXFileReference; fileEncoding = 4; lastKnownFileType = sourcecode.c.h; path = DMDPaletteView.h; sourceTree = "<group>"; };
		6616EA9F11BB481200D6C214 /* DMDPaletteView.m */ = {isa = PBXFileReference; fileEncoding = 4; lastKnownFileType = sourcecode.c.objc; path = DMDPaletteView.m; sourceTree = "<group>"; };
		66208CA50BFEC4560014A154 /* DMDView.h */ = {isa = PBXFileReference; fileEncoding = 30; lastKnownFileType = sourcecode.c.h; path = DMDView.h; sourceTree = "<group>"; };
		66208CA60BFEC4560014A154 /* DMDView.m */ = {isa = PBXFileReference; fileEncoding = 30; lastKnownFileType = sourcecode.c.objc; path = DMDView.m; sourceTree = "<group>"; };
		66208D750C020EB10014A154 /* Frame.h */ = {isa = PBXFileReference; fileEncoding = 30; lastKnownFileType = sourcecode.c.h; path = Frame.h; sourceTree = "<group>"; };
		66208D760C020EB10014A154 /* Frame.m */ = {isa = PBXFileReference; fileEncoding = 30; lastKnownFileType = sourcecode.c.objc; path = Frame.m; sourceTree = "<group>"; };
		663EFB66118548D400D00CB9 /* TransportControls.xib */ = {isa = PBXFileReference; lastKnownFileType = file.xib; path = TransportControls.xib; sourceTree = "<group>"; };
		663EFB6B11854C2000D00CB9 /* DMDTransportController.h */ = {isa = PBXFileReference; fileEncoding = 4; lastKnownFileType = sourcecode.c.h; path = DMDTransportController.h; sourceTree = "<group>"; };
		663EFB6C11854C2000D00CB9 /* DMDTransportController.m */ = {isa = PBXFileReference; fileEncoding = 4; lastKnownFileType = sourcecode.c.objc; path = DMDTransportController.m; sourceTree = "<group>"; };
		669E949D11547A5B006B05D3 /* DMDEditorWindowController.h */ = {isa = PBXFileReference; fileEncoding = 4; lastKnownFileType = sourcecode.c.h; path = DMDEditorWindowController.h; sourceTree = "<group>"; };
		669E949E11547A5B006B05D3 /* DMDEditorWindowController.m */ = {isa = PBXFileReference; fileEncoding = 4; lastKnownFileType = sourcecode.c.objc; path = DMDEditorWindowController.m; sourceTree = "<group>"; };
		669E94A211547A82006B05D3 /* English */ = {isa = PBXFileReference; lastKnownFileType = file.xib; name = English; path = English.lproj/MainMenu.xib; sourceTree = "<group>"; };
		669E94D111547F9A006B05D3 /* NSWindowAdditions.h */ = {isa = PBXFileReference; fileEncoding = 4; lastKnownFileType = sourcecode.c.h; path = NSWindowAdditions.h; sourceTree = "<group>"; };
		669E94D211547F9A006B05D3 /* NSWindowAdditions.m */ = {isa = PBXFileReference; fileEncoding = 4; lastKnownFileType = sourcecode.c.objc; path = NSWindowAdditions.m; sourceTree = "<group>"; };
		669E956111569838006B05D3 /* DMDFontPreviewWindowController.h */ = {isa = PBXFileReference; fileEncoding = 4; lastKnownFileType = sourcecode.c.h; path = DMDFontPreviewWindowController.h; sourceTree = "<group>"; };
		669E956211569838006B05D3 /* DMDFontPreviewWindowController.m */ = {isa = PBXFileReference; fileEncoding = 4; lastKnownFileType = sourcecode.c.objc; path = DMDFontPreviewWindowController.m; sourceTree = "<group>"; };
		669E95641156984C006B05D3 /* FontPreviewWindow.xib */ = {isa = PBXFileReference; lastKnownFileType = file.xib; path = FontPreviewWindow.xib; sourceTree = "<group>"; };
		66A82854116049AD00745627 /* Dot.png */ = {isa = PBXFileReference; lastKnownFileType = image.png; path = Dot.png; sourceTree = "<group>"; };
		66EA5CCB0FF6C108000CDEC0 /* DMDAnimatorAppDelegate.h */ = {isa = PBXFileReference; fileEncoding = 4; lastKnownFileType = sourcecode.c.h; path = DMDAnimatorAppDelegate.h; sourceTree = "<group>"; };
		66EA5CCC0FF6C108000CDEC0 /* DMDAnimatorAppDelegate.m */ = {isa = PBXFileReference; fileEncoding = 4; lastKnownFileType = sourcecode.c.objc; path = DMDAnimatorAppDelegate.m; sourceTree = "<group>"; };
		66EA5D1B0FF6C61E000CDEC0 /* DMDResizeWindowController.h */ = {isa = PBXFileReference; fileEncoding = 4; lastKnownFileType = sourcecode.c.h; path = DMDResizeWindowController.h; sourceTree = "<group>"; };
		66EA5D1C0FF6C61E000CDEC0 /* DMDResizeWindowController.m */ = {isa = PBXFileReference; fileEncoding = 4; lastKnownFileType = sourcecode.c.objc; path = DMDResizeWindowController.m; sourceTree = "<group>"; };
		66EA5D290FF6C75A000CDEC0 /* DMDResizeWindow.xib */ = {isa = PBXFileReference; lastKnownFileType = file.xib; path = DMDResizeWindow.xib; sourceTree = "<group>"; };
		66EA5E770FF7D9CC000CDEC0 /* English */ = {isa = PBXFileReference; lastKnownFileType = file.xib; name = English; path = English.lproj/EditorWindow.xib; sourceTree = "<group>"; };
		66EA5F590FF80254000CDEC0 /* DMDViewSettings.xib */ = {isa = PBXFileReference; lastKnownFileType = file.xib; path = DMDViewSettings.xib; sourceTree = "<group>"; };
		66EA5F5C0FF80442000CDEC0 /* DMDViewSettingsController.h */ = {isa = PBXFileReference; fileEncoding = 4; lastKnownFileType = sourcecode.c.h; path = DMDViewSettingsController.h; sourceTree = "<group>"; };
		66EA5F5D0FF80442000CDEC0 /* DMDViewSettingsController.m */ = {isa = PBXFileReference; fileEncoding = 4; lastKnownFileType = sourcecode.c.objc; path = DMDViewSettingsController.m; sourceTree = "<group>"; };
		66EB0B9F0D10496E007F6016 /* DMDAnimator Help */ = {isa = PBXFileReference; lastKnownFileType = folder; path = "DMDAnimator Help"; sourceTree = "<group>"; };
		66EB0BB00D1070FF007F6016 /* DMD.icns */ = {isa = PBXFileReference; lastKnownFileType = image.icns; path = DMD.icns; sourceTree = "<group>"; };
		66FBEAD80FF8635200E6EED2 /* DMDFontmapperController.h */ = {isa = PBXFileReference; fileEncoding = 4; lastKnownFileType = sourcecode.c.h; path = DMDFontmapperController.h; sourceTree = "<group>"; };
		66FBEAD90FF8635200E6EED2 /* DMDFontmapperController.m */ = {isa = PBXFileReference; fileEncoding = 4; lastKnownFileType = sourcecode.c.objc; path = DMDFontmapperController.m; sourceTree = "<group>"; };
		66FBEB2A0FF86E9600E6EED2 /* FontmapperView.xib */ = {isa = PBXFileReference; lastKnownFileType = file.xib; path = FontmapperView.xib; sourceTree = "<group>"; };
		8D15AC360486D014006FF6A4 /* Info.plist */ = {isa = PBXFileReference; fileEncoding = 4; lastKnownFileType = text.plist; path = Info.plist; sourceTree = "<group>"; };
		8D15AC370486D014006FF6A4 /* DMDAnimator.app */ = {isa = PBXFileReference; explicitFileType = wrapper.application; includeInIndex = 0; path = DMDAnimator.app; sourceTree = BUILT_PRODUCTS_DIR; };
/* End PBXFileReference section */

/* Begin PBXFrameworksBuildPhase section */
		8D15AC330486D014006FF6A4 /* Frameworks */ = {
			isa = PBXFrameworksBuildPhase;
			buildActionMask = 2147483647;
			files = (
				8D15AC340486D014006FF6A4 /* Cocoa.framework in Frameworks */,
			);
			runOnlyForDeploymentPostprocessing = 0;
		};
/* End PBXFrameworksBuildPhase section */

/* Begin PBXGroup section */
		1058C7A6FEA54F5311CA2CBB /* Linked Frameworks */ = {
			isa = PBXGroup;
			children = (
				1058C7A7FEA54F5311CA2CBB /* Cocoa.framework */,
			);
			name = "Linked Frameworks";
			sourceTree = "<group>";
		};
		1058C7A8FEA54F5311CA2CBB /* Other Frameworks */ = {
			isa = PBXGroup;
			children = (
				2A37F4C4FDCFA73011CA2CEA /* AppKit.framework */,
				13E42FBA07B3F13500E4EEF1 /* CoreData.framework */,
				2A37F4C5FDCFA73011CA2CEA /* Foundation.framework */,
			);
			name = "Other Frameworks";
			sourceTree = "<group>";
		};
		19C28FB0FE9D524F11CA2CBB /* Products */ = {
			isa = PBXGroup;
			children = (
				8D15AC370486D014006FF6A4 /* DMDAnimator.app */,
			);
			name = Products;
			sourceTree = "<group>";
		};
		2A37F4AAFDCFA73011CA2CEA /* DMDAnimator */ = {
			isa = PBXGroup;
			children = (
				2A37F4ABFDCFA73011CA2CEA /* Classes */,
				2A37F4AFFDCFA73011CA2CEA /* Other Sources */,
				2A37F4B8FDCFA73011CA2CEA /* Resources */,
				2A37F4C3FDCFA73011CA2CEA /* Frameworks */,
				19C28FB0FE9D524F11CA2CBB /* Products */,
			);
			name = DMDAnimator;
			sourceTree = "<group>";
		};
		2A37F4ABFDCFA73011CA2CEA /* Classes */ = {
			isa = PBXGroup;
			children = (
				66EA5F5F0FF80455000CDEC0 /* Model */,
				66208CA50BFEC4560014A154 /* DMDView.h */,
				66208CA60BFEC4560014A154 /* DMDView.m */,
				66EA5F600FF80462000CDEC0 /* Controller */,
				669E949D11547A5B006B05D3 /* DMDEditorWindowController.h */,
				669E949E11547A5B006B05D3 /* DMDEditorWindowController.m */,
				669E94D111547F9A006B05D3 /* NSWindowAdditions.h */,
				669E94D211547F9A006B05D3 /* NSWindowAdditions.m */,
			);
			name = Classes;
			sourceTree = "<group>";
		};
		2A37F4AFFDCFA73011CA2CEA /* Other Sources */ = {
			isa = PBXGroup;
			children = (
				32DBCF750370BD2300C91783 /* DMDAnimator_Prefix.pch */,
				2A37F4B0FDCFA73011CA2CEA /* main.m */,
			);
			name = "Other Sources";
			sourceTree = "<group>";
		};
		2A37F4B8FDCFA73011CA2CEA /* Resources */ = {
			isa = PBXGroup;
			children = (
				66EA5E760FF7D9CC000CDEC0 /* EditorWindow.xib */,
				66EA5D290FF6C75A000CDEC0 /* DMDResizeWindow.xib */,
				669E94A111547A82006B05D3 /* MainMenu.xib */,
				66EB0BB00D1070FF007F6016 /* DMD.icns */,
				66EB0B9F0D10496E007F6016 /* DMDAnimator Help */,
				2A37F4B9FDCFA73011CA2CEA /* Credits.rtf */,
				8D15AC360486D014006FF6A4 /* Info.plist */,
				089C165FFE840EACC02AAC07 /* InfoPlist.strings */,
				66EA5F590FF80254000CDEC0 /* DMDViewSettings.xib */,
				66FBEB2A0FF86E9600E6EED2 /* FontmapperView.xib */,
				669E95641156984C006B05D3 /* FontPreviewWindow.xib */,
				66A82854116049AD00745627 /* Dot.png */,
				663EFB66118548D400D00CB9 /* TransportControls.xib */,
				6616EA9B11BB459200D6C214 /* PalettePanel.xib */,
			);
			name = Resources;
			sourceTree = "<group>";
		};
		2A37F4C3FDCFA73011CA2CEA /* Frameworks */ = {
			isa = PBXGroup;
			children = (
				1058C7A6FEA54F5311CA2CBB /* Linked Frameworks */,
				1058C7A8FEA54F5311CA2CBB /* Other Frameworks */,
			);
			name = Frameworks;
			sourceTree = "<group>";
		};
		66EA5F5F0FF80455000CDEC0 /* Model */ = {
			isa = PBXGroup;
			children = (
				66208D750C020EB10014A154 /* Frame.h */,
				66208D760C020EB10014A154 /* Frame.m */,
				2A37F4AEFDCFA73011CA2CEA /* Animation.h */,
				2A37F4ACFDCFA73011CA2CEA /* Animation.m */,
				6616EA5111BAA11300D6C214 /* Frame+Drawing.h */,
				6616EA5211BAA11300D6C214 /* Frame+Drawing.m */,
			);
			name = Model;
			sourceTree = "<group>";
		};
		66EA5F600FF80462000CDEC0 /* Controller */ = {
			isa = PBXGroup;
			children = (
				66EA5CCB0FF6C108000CDEC0 /* DMDAnimatorAppDelegate.h */,
				66EA5CCC0FF6C108000CDEC0 /* DMDAnimatorAppDelegate.m */,
				66EA5D1B0FF6C61E000CDEC0 /* DMDResizeWindowController.h */,
				66EA5D1C0FF6C61E000CDEC0 /* DMDResizeWindowController.m */,
				66EA5F5C0FF80442000CDEC0 /* DMDViewSettingsController.h */,
				66EA5F5D0FF80442000CDEC0 /* DMDViewSettingsController.m */,
				66FBEAD80FF8635200E6EED2 /* DMDFontmapperController.h */,
				66FBEAD90FF8635200E6EED2 /* DMDFontmapperController.m */,
				669E956111569838006B05D3 /* DMDFontPreviewWindowController.h */,
				669E956211569838006B05D3 /* DMDFontPreviewWindowController.m */,
				663EFB6B11854C2000D00CB9 /* DMDTransportController.h */,
				663EFB6C11854C2000D00CB9 /* DMDTransportController.m */,
				6616EA9211BB437000D6C214 /* DMDPaletteController.h */,
				6616EA9311BB437000D6C214 /* DMDPaletteController.m */,
				6616EA9E11BB481200D6C214 /* DMDPaletteView.h */,
				6616EA9F11BB481200D6C214 /* DMDPaletteView.m */,
			);
			name = Controller;
			sourceTree = "<group>";
		};
/* End PBXGroup section */

/* Begin PBXNativeTarget section */
		8D15AC270486D014006FF6A4 /* DMDAnimator */ = {
			isa = PBXNativeTarget;
			buildConfigurationList = C05733C708A9546B00998B17 /* Build configuration list for PBXNativeTarget "DMDAnimator" */;
			buildPhases = (
				8D15AC2B0486D014006FF6A4 /* Resources */,
				8D15AC300486D014006FF6A4 /* Sources */,
				8D15AC330486D014006FF6A4 /* Frameworks */,
			);
			buildRules = (
			);
			dependencies = (
			);
			name = DMDAnimator;
			productInstallPath = "$(HOME)/Applications";
			productName = DMDAnimator;
			productReference = 8D15AC370486D014006FF6A4 /* DMDAnimator.app */;
			productType = "com.apple.product-type.application";
		};
/* End PBXNativeTarget section */

/* Begin PBXProject section */
		2A37F4A9FDCFA73011CA2CEA /* Project object */ = {
			isa = PBXProject;
			attributes = {
				ORGANIZATIONNAME = "Adam Preble";
			};
			buildConfigurationList = C05733CB08A9546B00998B17 /* Build configuration list for PBXProject "DMDAnimator" */;
			compatibilityVersion = "Xcode 2.4";
			hasScannedForEncodings = 1;
			mainGroup = 2A37F4AAFDCFA73011CA2CEA /* DMDAnimator */;
			projectDirPath = "";
			projectRoot = "";
			targets = (
				8D15AC270486D014006FF6A4 /* DMDAnimator */,
			);
		};
/* End PBXProject section */

/* Begin PBXResourcesBuildPhase section */
		8D15AC2B0486D014006FF6A4 /* Resources */ = {
			isa = PBXResourcesBuildPhase;
			buildActionMask = 2147483647;
			files = (
				8D15AC2C0486D014006FF6A4 /* Credits.rtf in Resources */,
				8D15AC2F0486D014006FF6A4 /* InfoPlist.strings in Resources */,
				66EB0BA20D10496E007F6016 /* DMDAnimator Help in Resources */,
				66EB0BB10D1070FF007F6016 /* DMD.icns in Resources */,
				66EA5D2A0FF6C75A000CDEC0 /* DMDResizeWindow.xib in Resources */,
				66EA5E780FF7D9CC000CDEC0 /* EditorWindow.xib in Resources */,
				66EA5F5A0FF80254000CDEC0 /* DMDViewSettings.xib in Resources */,
				66FBEB2B0FF86E9600E6EED2 /* FontmapperView.xib in Resources */,
				669E94A311547A82006B05D3 /* MainMenu.xib in Resources */,
				669E95651156984C006B05D3 /* FontPreviewWindow.xib in Resources */,
				66A82855116049AD00745627 /* Dot.png in Resources */,
				663EFB67118548D400D00CB9 /* TransportControls.xib in Resources */,
				6616EA9C11BB459200D6C214 /* PalettePanel.xib in Resources */,
			);
			runOnlyForDeploymentPostprocessing = 0;
		};
/* End PBXResourcesBuildPhase section */

/* Begin PBXSourcesBuildPhase section */
		8D15AC300486D014006FF6A4 /* Sources */ = {
			isa = PBXSourcesBuildPhase;
			buildActionMask = 2147483647;
			files = (
				8D15AC310486D014006FF6A4 /* Animation.m in Sources */,
				8D15AC320486D014006FF6A4 /* main.m in Sources */,
				66208CA70BFEC4560014A154 /* DMDView.m in Sources */,
				66208D770C020EB10014A154 /* Frame.m in Sources */,
				66EA5CCD0FF6C108000CDEC0 /* DMDAnimatorAppDelegate.m in Sources */,
				66EA5D1D0FF6C61E000CDEC0 /* DMDResizeWindowController.m in Sources */,
				66EA5F5E0FF80442000CDEC0 /* DMDViewSettingsController.m in Sources */,
				66FBEADA0FF8635200E6EED2 /* DMDFontmapperController.m in Sources */,
				669E949F11547A5B006B05D3 /* DMDEditorWindowController.m in Sources */,
				669E94D311547F9A006B05D3 /* NSWindowAdditions.m in Sources */,
				669E956311569838006B05D3 /* DMDFontPreviewWindowController.m in Sources */,
				663EFB6D11854C2000D00CB9 /* DMDTransportController.m in Sources */,
				6616EA5311BAA11300D6C214 /* Frame+Drawing.m in Sources */,
				6616EA9411BB437000D6C214 /* DMDPaletteController.m in Sources */,
				6616EAA011BB481200D6C214 /* DMDPaletteView.m in Sources */,
			);
			runOnlyForDeploymentPostprocessing = 0;
		};
/* End PBXSourcesBuildPhase section */

/* Begin PBXVariantGroup section */
		089C165FFE840EACC02AAC07 /* InfoPlist.strings */ = {
			isa = PBXVariantGroup;
			children = (
				089C1660FE840EACC02AAC07 /* English */,
			);
			name = InfoPlist.strings;
			sourceTree = "<group>";
		};
		2A37F4B9FDCFA73011CA2CEA /* Credits.rtf */ = {
			isa = PBXVariantGroup;
			children = (
				2A37F4BAFDCFA73011CA2CEA /* English */,
			);
			name = Credits.rtf;
			sourceTree = "<group>";
		};
		669E94A111547A82006B05D3 /* MainMenu.xib */ = {
			isa = PBXVariantGroup;
			children = (
				669E94A211547A82006B05D3 /* English */,
			);
			name = MainMenu.xib;
			sourceTree = "<group>";
		};
		66EA5E760FF7D9CC000CDEC0 /* EditorWindow.xib */ = {
			isa = PBXVariantGroup;
			children = (
				66EA5E770FF7D9CC000CDEC0 /* English */,
			);
			name = EditorWindow.xib;
			sourceTree = "<group>";
		};
/* End PBXVariantGroup section */

/* Begin XCBuildConfiguration section */
		C05733C808A9546B00998B17 /* Debug */ = {
			isa = XCBuildConfiguration;
			buildSettings = {
				COPY_PHASE_STRIP = NO;
				GCC_DYNAMIC_NO_PIC = NO;
				GCC_ENABLE_FIX_AND_CONTINUE = YES;
				GCC_MODEL_TUNING = G5;
				GCC_OPTIMIZATION_LEVEL = 0;
				INFOPLIST_FILE = Info.plist;
				INSTALL_PATH = "$(HOME)/Applications";
				PRODUCT_NAME = DMDAnimator;
				WRAPPER_EXTENSION = app;
				ZERO_LINK = YES;
			};
			name = Debug;
		};
		C05733C908A9546B00998B17 /* Release */ = {
			isa = XCBuildConfiguration;
			buildSettings = {
				ARCHS = (
					ppc,
					i386,
				);
				GCC_GENERATE_DEBUGGING_SYMBOLS = NO;
				GCC_MODEL_TUNING = G5;
				INFOPLIST_FILE = Info.plist;
				INSTALL_PATH = "$(HOME)/Applications";
				PRODUCT_NAME = DMDAnimator;
				WRAPPER_EXTENSION = app;
			};
			name = Release;
		};
		C05733CC08A9546B00998B17 /* Debug */ = {
			isa = XCBuildConfiguration;
			buildSettings = {
				GCC_VERSION = com.apple.compilers.llvm.clang.1_0;
				GCC_WARN_ABOUT_RETURN_TYPE = YES;
				GCC_WARN_UNUSED_VARIABLE = YES;
				PREBINDING = NO;
				SDKROOT = "";
			};
			name = Debug;
		};
		C05733CD08A9546B00998B17 /* Release */ = {
			isa = XCBuildConfiguration;
			buildSettings = {
				GCC_VERSION = com.apple.compilers.llvm.clang.1_0;
				GCC_WARN_ABOUT_RETURN_TYPE = YES;
				GCC_WARN_UNUSED_VARIABLE = YES;
				PREBINDING = NO;
				SDKROOT = "";
			};
			name = Release;
		};
/* End XCBuildConfiguration section */

/* Begin XCConfigurationList section */
		C05733C708A9546B00998B17 /* Build configuration list for PBXNativeTarget "DMDAnimator" */ = {
			isa = XCConfigurationList;
			buildConfigurations = (
				C05733C808A9546B00998B17 /* Debug */,
				C05733C908A9546B00998B17 /* Release */,
			);
			defaultConfigurationIsVisible = 0;
			defaultConfigurationName = Release;
		};
		C05733CB08A9546B00998B17 /* Build configuration list for PBXProject "DMDAnimator" */ = {
			isa = XCConfigurationList;
			buildConfigurations = (
				C05733CC08A9546B00998B17 /* Debug */,
				C05733CD08A9546B00998B17 /* Release */,
			);
			defaultConfigurationIsVisible = 0;
			defaultConfigurationName = Release;
		};
/* End XCConfigurationList section */
	};
	rootObject = 2A37F4A9FDCFA73011CA2CEA /* Project object */;
}
